// !$*UTF8*$!
{
	archiveVersion = 1;
	classes = {
	};
	objectVersion = 46;
	objects = {

/* Begin PBXBuildFile section */
		5542543C15FA904100DC7E31 /* Address_Type.m in Sources */ = {isa = PBXBuildFile; fileRef = 5542543B15FA904100DC7E31 /* Address_Type.m */; };
		5542544015FA90F100DC7E31 /* ZOFBaseBean.m in Sources */ = {isa = PBXBuildFile; fileRef = 5542543F15FA90F100DC7E31 /* ZOFBaseBean.m */; };
		5542544315FA910800DC7E31 /* ZOFPersonBean.m in Sources */ = {isa = PBXBuildFile; fileRef = 5542544215FA910800DC7E31 /* ZOFPersonBean.m */; };
		5542544615FA917200DC7E31 /* ZOFAddressBean.m in Sources */ = {isa = PBXBuildFile; fileRef = 5542544515FA917200DC7E31 /* ZOFAddressBean.m */; };
		5542544915FA918500DC7E31 /* ZOFAddressTypeBean.m in Sources */ = {isa = PBXBuildFile; fileRef = 5542544815FA918500DC7E31 /* ZOFAddressTypeBean.m */; };
		5542544C15FA96D600DC7E31 /* Address.m in Sources */ = {isa = PBXBuildFile; fileRef = 5542544B15FA96D600DC7E31 /* Address.m */; };
		5542544F15FA96D700DC7E31 /* Person.m in Sources */ = {isa = PBXBuildFile; fileRef = 5542544E15FA96D700DC7E31 /* Person.m */; };
		5543900D15FA9FE5006247BD /* NSManagedObject+setValuesForKeysWithJSONDictionary.m in Sources */ = {isa = PBXBuildFile; fileRef = 5543900C15FA9FE5006247BD /* NSManagedObject+setValuesForKeysWithJSONDictionary.m */; };
		5543901015FAA0E8006247BD /* persons.json in Resources */ = {isa = PBXBuildFile; fileRef = 5543900F15FAA0E8006247BD /* persons.json */; };
		5543901215FAA0FF006247BD /* addrTypes.json in Resources */ = {isa = PBXBuildFile; fileRef = 5543901115FAA0FF006247BD /* addrTypes.json */; };
		5543901415FAA320006247BD /* addresses.json in Resources */ = {isa = PBXBuildFile; fileRef = 5543901315FAA320006247BD /* addresses.json */; };
		5543901615FAA79D006247BD /* events.json in Resources */ = {isa = PBXBuildFile; fileRef = 5543901515FAA79D006247BD /* events.json */; };
		5543901915FAB0E6006247BD /* Event.m in Sources */ = {isa = PBXBuildFile; fileRef = 5543901815FAB0E6006247BD /* Event.m */; };
		554F735915EBCAF8008D732A /* UIKit.framework in Frameworks */ = {isa = PBXBuildFile; fileRef = 554F735815EBCAF8008D732A /* UIKit.framework */; };
		554F735B15EBCAF8008D732A /* Foundation.framework in Frameworks */ = {isa = PBXBuildFile; fileRef = 554F735A15EBCAF8008D732A /* Foundation.framework */; };
		554F735D15EBCAF8008D732A /* CoreGraphics.framework in Frameworks */ = {isa = PBXBuildFile; fileRef = 554F735C15EBCAF8008D732A /* CoreGraphics.framework */; };
		554F735F15EBCAF8008D732A /* CoreData.framework in Frameworks */ = {isa = PBXBuildFile; fileRef = 554F735E15EBCAF8008D732A /* CoreData.framework */; };
		554F736515EBCAF8008D732A /* InfoPlist.strings in Resources */ = {isa = PBXBuildFile; fileRef = 554F736315EBCAF8008D732A /* InfoPlist.strings */; };
		554F736715EBCAF8008D732A /* main.m in Sources */ = {isa = PBXBuildFile; fileRef = 554F736615EBCAF8008D732A /* main.m */; };
		554F736B15EBCAF8008D732A /* ZOFAppDelegate.m in Sources */ = {isa = PBXBuildFile; fileRef = 554F736A15EBCAF8008D732A /* ZOFAppDelegate.m */; };
		554F736E15EBCAF8008D732A /* MainStoryboard.storyboard in Resources */ = {isa = PBXBuildFile; fileRef = 554F736C15EBCAF8008D732A /* MainStoryboard.storyboard */; };
		554F737115EBCAF8008D732A /* CoreDataTransactionTest.xcdatamodeld in Sources */ = {isa = PBXBuildFile; fileRef = 554F736F15EBCAF8008D732A /* CoreDataTransactionTest.xcdatamodeld */; };
		554F737415EBCAF8008D732A /* ZOFMasterViewController.m in Sources */ = {isa = PBXBuildFile; fileRef = 554F737315EBCAF8008D732A /* ZOFMasterViewController.m */; };
		554F737715EBCAF8008D732A /* ZOFDetailViewController.m in Sources */ = {isa = PBXBuildFile; fileRef = 554F737615EBCAF8008D732A /* ZOFDetailViewController.m */; };
		554F738815EBD970008D732A /* ZOFMocController.m in Sources */ = {isa = PBXBuildFile; fileRef = 554F738715EBD970008D732A /* ZOFMocController.m */; };
		5566BC9815EBE9790033A1CB /* ZOFFillDb.m in Sources */ = {isa = PBXBuildFile; fileRef = 5566BC9715EBE9790033A1CB /* ZOFFillDb.m */; };
		557615AB15FD0F140092251A /* ZOFServiceDb.m in Sources */ = {isa = PBXBuildFile; fileRef = 557615AA15FD0F140092251A /* ZOFServiceDb.m */; };
		559423A115FDE8C100697B9B /* ZOFMapper.m in Sources */ = {isa = PBXBuildFile; fileRef = 559423A015FDE8C000697B9B /* ZOFMapper.m */; };
		559423A315FDED0E00697B9B /* beans.xml in Resources */ = {isa = PBXBuildFile; fileRef = 559423A215FDED0E00697B9B /* beans.xml */; };
		559423A615FE0A1500697B9B /* XPathQuery.m in Sources */ = {isa = PBXBuildFile; fileRef = 559423A415FE0A1500697B9B /* XPathQuery.m */; };
		559423A815FE0B8400697B9B /* libxml2.dylib in Frameworks */ = {isa = PBXBuildFile; fileRef = 559423A715FE0B8400697B9B /* libxml2.dylib */; };
		55C32E4816329E5300FBD431 /* ZOFCycleSelectOperation.m in Sources */ = {isa = PBXBuildFile; fileRef = 55C32E4716329E5200FBD431 /* ZOFCycleSelectOperation.m */; };
		55C32E4C16329EBB00FBD431 /* ZOFEmulateDownloadOp.m in Sources */ = {isa = PBXBuildFile; fileRef = 55C32E4B16329EBB00FBD431 /* ZOFEmulateDownloadOp.m */; };
		55C32E601632A79700FBD431 /* ZOFProcessQueue.m in Sources */ = {isa = PBXBuildFile; fileRef = 55C32E5F1632A79600FBD431 /* ZOFProcessQueue.m */; };
		55C32E631632BE9100FBD431 /* ZOFTestViewController.m in Sources */ = {isa = PBXBuildFile; fileRef = 55C32E621632BE9100FBD431 /* ZOFTestViewController.m */; };
		55CD32141632E8A700D63ECA /* ZOFDownloadQueue.m in Sources */ = {isa = PBXBuildFile; fileRef = 55CD32131632E8A700D63ECA /* ZOFDownloadQueue.m */; };
/* End PBXBuildFile section */

/* Begin PBXFileReference section */
		5542543A15FA904100DC7E31 /* Address_Type.h */ = {isa = PBXFileReference; fileEncoding = 4; lastKnownFileType = sourcecode.c.h; path = Address_Type.h; sourceTree = "<group>"; };
		5542543B15FA904100DC7E31 /* Address_Type.m */ = {isa = PBXFileReference; fileEncoding = 4; lastKnownFileType = sourcecode.c.objc; path = Address_Type.m; sourceTree = "<group>"; };
		5542543E15FA90F100DC7E31 /* ZOFBaseBean.h */ = {isa = PBXFileReference; fileEncoding = 4; lastKnownFileType = sourcecode.c.h; path = ZOFBaseBean.h; sourceTree = "<group>"; };
		5542543F15FA90F100DC7E31 /* ZOFBaseBean.m */ = {isa = PBXFileReference; fileEncoding = 4; lastKnownFileType = sourcecode.c.objc; path = ZOFBaseBean.m; sourceTree = "<group>"; };
		5542544115FA910800DC7E31 /* ZOFPersonBean.h */ = {isa = PBXFileReference; fileEncoding = 4; lastKnownFileType = sourcecode.c.h; path = ZOFPersonBean.h; sourceTree = "<group>"; };
		5542544215FA910800DC7E31 /* ZOFPersonBean.m */ = {isa = PBXFileReference; fileEncoding = 4; lastKnownFileType = sourcecode.c.objc; path = ZOFPersonBean.m; sourceTree = "<group>"; };
		5542544415FA917200DC7E31 /* ZOFAddressBean.h */ = {isa = PBXFileReference; fileEncoding = 4; lastKnownFileType = sourcecode.c.h; path = ZOFAddressBean.h; sourceTree = "<group>"; };
		5542544515FA917200DC7E31 /* ZOFAddressBean.m */ = {isa = PBXFileReference; fileEncoding = 4; lastKnownFileType = sourcecode.c.objc; path = ZOFAddressBean.m; sourceTree = "<group>"; };
		5542544715FA918500DC7E31 /* ZOFAddressTypeBean.h */ = {isa = PBXFileReference; fileEncoding = 4; lastKnownFileType = sourcecode.c.h; path = ZOFAddressTypeBean.h; sourceTree = "<group>"; };
		5542544815FA918500DC7E31 /* ZOFAddressTypeBean.m */ = {isa = PBXFileReference; fileEncoding = 4; lastKnownFileType = sourcecode.c.objc; path = ZOFAddressTypeBean.m; sourceTree = "<group>"; };
		5542544A15FA96D600DC7E31 /* Address.h */ = {isa = PBXFileReference; fileEncoding = 4; lastKnownFileType = sourcecode.c.h; path = Address.h; sourceTree = "<group>"; };
		5542544B15FA96D600DC7E31 /* Address.m */ = {isa = PBXFileReference; fileEncoding = 4; lastKnownFileType = sourcecode.c.objc; path = Address.m; sourceTree = "<group>"; };
		5542544D15FA96D700DC7E31 /* Person.h */ = {isa = PBXFileReference; fileEncoding = 4; lastKnownFileType = sourcecode.c.h; path = Person.h; sourceTree = "<group>"; };
		5542544E15FA96D700DC7E31 /* Person.m */ = {isa = PBXFileReference; fileEncoding = 4; lastKnownFileType = sourcecode.c.objc; path = Person.m; sourceTree = "<group>"; };
		5543900B15FA9FE5006247BD /* NSManagedObject+setValuesForKeysWithJSONDictionary.h */ = {isa = PBXFileReference; fileEncoding = 4; lastKnownFileType = sourcecode.c.h; path = "NSManagedObject+setValuesForKeysWithJSONDictionary.h"; sourceTree = "<group>"; };
		5543900C15FA9FE5006247BD /* NSManagedObject+setValuesForKeysWithJSONDictionary.m */ = {isa = PBXFileReference; fileEncoding = 4; lastKnownFileType = sourcecode.c.objc; path = "NSManagedObject+setValuesForKeysWithJSONDictionary.m"; sourceTree = "<group>"; };
		5543900F15FAA0E8006247BD /* persons.json */ = {isa = PBXFileReference; fileEncoding = 4; lastKnownFileType = text.json; path = persons.json; sourceTree = "<group>"; };
		5543901115FAA0FF006247BD /* addrTypes.json */ = {isa = PBXFileReference; fileEncoding = 4; lastKnownFileType = text.json; path = addrTypes.json; sourceTree = "<group>"; };
		5543901315FAA320006247BD /* addresses.json */ = {isa = PBXFileReference; fileEncoding = 4; lastKnownFileType = text.json; path = addresses.json; sourceTree = "<group>"; };
		5543901515FAA79D006247BD /* events.json */ = {isa = PBXFileReference; fileEncoding = 4; lastKnownFileType = text.json; path = events.json; sourceTree = "<group>"; };
		5543901715FAB0E6006247BD /* Event.h */ = {isa = PBXFileReference; fileEncoding = 4; lastKnownFileType = sourcecode.c.h; path = Event.h; sourceTree = "<group>"; };
		5543901815FAB0E6006247BD /* Event.m */ = {isa = PBXFileReference; fileEncoding = 4; lastKnownFileType = sourcecode.c.objc; path = Event.m; sourceTree = "<group>"; };
		554F735415EBCAF8008D732A /* CoreDataTransactionTest.app */ = {isa = PBXFileReference; explicitFileType = wrapper.application; includeInIndex = 0; path = CoreDataTransactionTest.app; sourceTree = BUILT_PRODUCTS_DIR; };
		554F735815EBCAF8008D732A /* UIKit.framework */ = {isa = PBXFileReference; lastKnownFileType = wrapper.framework; name = UIKit.framework; path = System/Library/Frameworks/UIKit.framework; sourceTree = SDKROOT; };
		554F735A15EBCAF8008D732A /* Foundation.framework */ = {isa = PBXFileReference; lastKnownFileType = wrapper.framework; name = Foundation.framework; path = System/Library/Frameworks/Foundation.framework; sourceTree = SDKROOT; };
		554F735C15EBCAF8008D732A /* CoreGraphics.framework */ = {isa = PBXFileReference; lastKnownFileType = wrapper.framework; name = CoreGraphics.framework; path = System/Library/Frameworks/CoreGraphics.framework; sourceTree = SDKROOT; };
		554F735E15EBCAF8008D732A /* CoreData.framework */ = {isa = PBXFileReference; lastKnownFileType = wrapper.framework; name = CoreData.framework; path = System/Library/Frameworks/CoreData.framework; sourceTree = SDKROOT; };
		554F736215EBCAF8008D732A /* CoreDataTransactionTest-Info.plist */ = {isa = PBXFileReference; lastKnownFileType = text.plist.xml; path = "CoreDataTransactionTest-Info.plist"; sourceTree = "<group>"; };
		554F736415EBCAF8008D732A /* en */ = {isa = PBXFileReference; lastKnownFileType = text.plist.strings; name = en; path = en.lproj/InfoPlist.strings; sourceTree = "<group>"; };
		554F736615EBCAF8008D732A /* main.m */ = {isa = PBXFileReference; lastKnownFileType = sourcecode.c.objc; path = main.m; sourceTree = "<group>"; };
		554F736815EBCAF8008D732A /* CoreDataTransactionTest-Prefix.pch */ = {isa = PBXFileReference; lastKnownFileType = sourcecode.c.h; path = "CoreDataTransactionTest-Prefix.pch"; sourceTree = "<group>"; };
		554F736915EBCAF8008D732A /* ZOFAppDelegate.h */ = {isa = PBXFileReference; lastKnownFileType = sourcecode.c.h; path = ZOFAppDelegate.h; sourceTree = "<group>"; };
		554F736A15EBCAF8008D732A /* ZOFAppDelegate.m */ = {isa = PBXFileReference; lastKnownFileType = sourcecode.c.objc; path = ZOFAppDelegate.m; sourceTree = "<group>"; };
		554F736D15EBCAF8008D732A /* en */ = {isa = PBXFileReference; lastKnownFileType = file.storyboard; name = en; path = en.lproj/MainStoryboard.storyboard; sourceTree = "<group>"; };
		554F737015EBCAF8008D732A /* CoreDataTransactionTest.xcdatamodel */ = {isa = PBXFileReference; lastKnownFileType = wrapper.xcdatamodel; path = CoreDataTransactionTest.xcdatamodel; sourceTree = "<group>"; };
		554F737215EBCAF8008D732A /* ZOFMasterViewController.h */ = {isa = PBXFileReference; lastKnownFileType = sourcecode.c.h; path = ZOFMasterViewController.h; sourceTree = "<group>"; };
		554F737315EBCAF8008D732A /* ZOFMasterViewController.m */ = {isa = PBXFileReference; lastKnownFileType = sourcecode.c.objc; path = ZOFMasterViewController.m; sourceTree = "<group>"; };
		554F737515EBCAF8008D732A /* ZOFDetailViewController.h */ = {isa = PBXFileReference; lastKnownFileType = sourcecode.c.h; path = ZOFDetailViewController.h; sourceTree = "<group>"; };
		554F737615EBCAF8008D732A /* ZOFDetailViewController.m */ = {isa = PBXFileReference; lastKnownFileType = sourcecode.c.objc; path = ZOFDetailViewController.m; sourceTree = "<group>"; };
		554F738615EBD970008D732A /* ZOFMocController.h */ = {isa = PBXFileReference; fileEncoding = 4; lastKnownFileType = sourcecode.c.h; path = ZOFMocController.h; sourceTree = "<group>"; };
		554F738715EBD970008D732A /* ZOFMocController.m */ = {isa = PBXFileReference; fileEncoding = 4; lastKnownFileType = sourcecode.c.objc; path = ZOFMocController.m; sourceTree = "<group>"; };
		5566BC9615EBE9790033A1CB /* ZOFFillDb.h */ = {isa = PBXFileReference; fileEncoding = 4; lastKnownFileType = sourcecode.c.h; path = ZOFFillDb.h; sourceTree = "<group>"; };
		5566BC9715EBE9790033A1CB /* ZOFFillDb.m */ = {isa = PBXFileReference; fileEncoding = 4; lastKnownFileType = sourcecode.c.objc; path = ZOFFillDb.m; sourceTree = "<group>"; };
		557615A915FD0F140092251A /* ZOFServiceDb.h */ = {isa = PBXFileReference; fileEncoding = 4; lastKnownFileType = sourcecode.c.h; path = ZOFServiceDb.h; sourceTree = "<group>"; };
		557615AA15FD0F140092251A /* ZOFServiceDb.m */ = {isa = PBXFileReference; fileEncoding = 4; lastKnownFileType = sourcecode.c.objc; path = ZOFServiceDb.m; sourceTree = "<group>"; };
		5594239F15FDE8C000697B9B /* ZOFMapper.h */ = {isa = PBXFileReference; fileEncoding = 4; lastKnownFileType = sourcecode.c.h; path = ZOFMapper.h; sourceTree = "<group>"; };
		559423A015FDE8C000697B9B /* ZOFMapper.m */ = {isa = PBXFileReference; fileEncoding = 4; lastKnownFileType = sourcecode.c.objc; path = ZOFMapper.m; sourceTree = "<group>"; };
		559423A215FDED0E00697B9B /* beans.xml */ = {isa = PBXFileReference; fileEncoding = 4; lastKnownFileType = text.xml; path = beans.xml; sourceTree = "<group>"; };
		559423A415FE0A1500697B9B /* XPathQuery.m */ = {isa = PBXFileReference; fileEncoding = 4; lastKnownFileType = sourcecode.c.objc; path = XPathQuery.m; sourceTree = "<group>"; };
		559423A515FE0A1500697B9B /* XPathQuery.h */ = {isa = PBXFileReference; fileEncoding = 4; lastKnownFileType = sourcecode.c.h; path = XPathQuery.h; sourceTree = "<group>"; };
		559423A715FE0B8400697B9B /* libxml2.dylib */ = {isa = PBXFileReference; lastKnownFileType = "compiled.mach-o.dylib"; name = libxml2.dylib; path = usr/lib/libxml2.dylib; sourceTree = SDKROOT; };
		55B1C0C915EEB1F7001182EC /* CWLSynthesizeSingleton.h */ = {isa = PBXFileReference; fileEncoding = 4; lastKnownFileType = sourcecode.c.h; path = CWLSynthesizeSingleton.h; sourceTree = "<group>"; };
		55C32E4616329E5200FBD431 /* ZOFCycleSelectOperation.h */ = {isa = PBXFileReference; fileEncoding = 4; lastKnownFileType = sourcecode.c.h; path = ZOFCycleSelectOperation.h; sourceTree = "<group>"; };
		55C32E4716329E5200FBD431 /* ZOFCycleSelectOperation.m */ = {isa = PBXFileReference; fileEncoding = 4; lastKnownFileType = sourcecode.c.objc; path = ZOFCycleSelectOperation.m; sourceTree = "<group>"; };
		55C32E4A16329EBB00FBD431 /* ZOFEmulateDownloadOp.h */ = {isa = PBXFileReference; fileEncoding = 4; lastKnownFileType = sourcecode.c.h; path = ZOFEmulateDownloadOp.h; sourceTree = "<group>"; };
		55C32E4B16329EBB00FBD431 /* ZOFEmulateDownloadOp.m */ = {isa = PBXFileReference; fileEncoding = 4; lastKnownFileType = sourcecode.c.objc; path = ZOFEmulateDownloadOp.m; sourceTree = "<group>"; };
		55C32E5E1632A79600FBD431 /* ZOFProcessQueue.h */ = {isa = PBXFileReference; fileEncoding = 4; lastKnownFileType = sourcecode.c.h; path = ZOFProcessQueue.h; sourceTree = "<group>"; };
		55C32E5F1632A79600FBD431 /* ZOFProcessQueue.m */ = {isa = PBXFileReference; fileEncoding = 4; lastKnownFileType = sourcecode.c.objc; path = ZOFProcessQueue.m; sourceTree = "<group>"; };
		55C32E611632BE9100FBD431 /* ZOFTestViewController.h */ = {isa = PBXFileReference; fileEncoding = 4; lastKnownFileType = sourcecode.c.h; path = ZOFTestViewController.h; sourceTree = "<group>"; };
		55C32E621632BE9100FBD431 /* ZOFTestViewController.m */ = {isa = PBXFileReference; fileEncoding = 4; lastKnownFileType = sourcecode.c.objc; path = ZOFTestViewController.m; sourceTree = "<group>"; };
		55CD32121632E8A700D63ECA /* ZOFDownloadQueue.h */ = {isa = PBXFileReference; fileEncoding = 4; lastKnownFileType = sourcecode.c.h; path = ZOFDownloadQueue.h; sourceTree = "<group>"; };
		55CD32131632E8A700D63ECA /* ZOFDownloadQueue.m */ = {isa = PBXFileReference; fileEncoding = 4; lastKnownFileType = sourcecode.c.objc; path = ZOFDownloadQueue.m; sourceTree = "<group>"; };
/* End PBXFileReference section */

/* Begin PBXFrameworksBuildPhase section */
		554F735115EBCAF8008D732A /* Frameworks */ = {
			isa = PBXFrameworksBuildPhase;
			buildActionMask = 2147483647;
			files = (
				559423A815FE0B8400697B9B /* libxml2.dylib in Frameworks */,
				554F735915EBCAF8008D732A /* UIKit.framework in Frameworks */,
				554F735B15EBCAF8008D732A /* Foundation.framework in Frameworks */,
				554F735D15EBCAF8008D732A /* CoreGraphics.framework in Frameworks */,
				554F735F15EBCAF8008D732A /* CoreData.framework in Frameworks */,
			);
			runOnlyForDeploymentPostprocessing = 0;
		};
/* End PBXFrameworksBuildPhase section */

/* Begin PBXGroup section */
		5542543D15FA90AF00DC7E31 /* Beans */ = {
			isa = PBXGroup;
			children = (
				5542543E15FA90F100DC7E31 /* ZOFBaseBean.h */,
				5542543F15FA90F100DC7E31 /* ZOFBaseBean.m */,
				5542544115FA910800DC7E31 /* ZOFPersonBean.h */,
				5542544215FA910800DC7E31 /* ZOFPersonBean.m */,
				5542544415FA917200DC7E31 /* ZOFAddressBean.h */,
				5542544515FA917200DC7E31 /* ZOFAddressBean.m */,
				5542544715FA918500DC7E31 /* ZOFAddressTypeBean.h */,
				5542544815FA918500DC7E31 /* ZOFAddressTypeBean.m */,
			);
			path = Beans;
			sourceTree = "<group>";
		};
		5543900915FA9FA1006247BD /* Categories */ = {
			isa = PBXGroup;
			children = (
				5543900B15FA9FE5006247BD /* NSManagedObject+setValuesForKeysWithJSONDictionary.h */,
				5543900C15FA9FE5006247BD /* NSManagedObject+setValuesForKeysWithJSONDictionary.m */,
			);
			path = Categories;
			sourceTree = "<group>";
		};
		5543900E15FAA0C4006247BD /* JSonData */ = {
			isa = PBXGroup;
			children = (
				5543901315FAA320006247BD /* addresses.json */,
				5543901115FAA0FF006247BD /* addrTypes.json */,
				5543901515FAA79D006247BD /* events.json */,
				5543900F15FAA0E8006247BD /* persons.json */,
			);
			path = JSonData;
			sourceTree = "<group>";
		};
		554F734915EBCAF8008D732A = {
			isa = PBXGroup;
			children = (
				554F736015EBCAF8008D732A /* CoreDataTransactionTest */,
				554F735715EBCAF8008D732A /* Frameworks */,
				554F735515EBCAF8008D732A /* Products */,
			);
			sourceTree = "<group>";
		};
		554F735515EBCAF8008D732A /* Products */ = {
			isa = PBXGroup;
			children = (
				554F735415EBCAF8008D732A /* CoreDataTransactionTest.app */,
			);
			name = Products;
			sourceTree = "<group>";
		};
		554F735715EBCAF8008D732A /* Frameworks */ = {
			isa = PBXGroup;
			children = (
				559423A715FE0B8400697B9B /* libxml2.dylib */,
				554F735815EBCAF8008D732A /* UIKit.framework */,
				554F735A15EBCAF8008D732A /* Foundation.framework */,
				554F735C15EBCAF8008D732A /* CoreGraphics.framework */,
				554F735E15EBCAF8008D732A /* CoreData.framework */,
			);
			name = Frameworks;
			sourceTree = "<group>";
		};
		554F736015EBCAF8008D732A /* CoreDataTransactionTest */ = {
			isa = PBXGroup;
			children = (
				55B1C0C915EEB1F7001182EC /* CWLSynthesizeSingleton.h */,
				554F736915EBCAF8008D732A /* ZOFAppDelegate.h */,
				554F736A15EBCAF8008D732A /* ZOFAppDelegate.m */,
				554F738615EBD970008D732A /* ZOFMocController.h */,
				554F738715EBD970008D732A /* ZOFMocController.m */,
				5594239E15FDE88400697B9B /* Business */,
				5594239C15FDE86100697B9B /* ViewControllers */,
				5542543D15FA90AF00DC7E31 /* Beans */,
				554F738A15EBE195008D732A /* Model */,
				5543900915FA9FA1006247BD /* Categories */,
				5543900E15FAA0C4006247BD /* JSonData */,
				554F736115EBCAF8008D732A /* Supporting Files */,
			);
			path = CoreDataTransactionTest;
			sourceTree = "<group>";
		};
		554F736115EBCAF8008D732A /* Supporting Files */ = {
			isa = PBXGroup;
			children = (
				554F736C15EBCAF8008D732A /* MainStoryboard.storyboard */,
				554F736F15EBCAF8008D732A /* CoreDataTransactionTest.xcdatamodeld */,
				554F736215EBCAF8008D732A /* CoreDataTransactionTest-Info.plist */,
				554F736315EBCAF8008D732A /* InfoPlist.strings */,
				554F736615EBCAF8008D732A /* main.m */,
				554F736815EBCAF8008D732A /* CoreDataTransactionTest-Prefix.pch */,
				559423A215FDED0E00697B9B /* beans.xml */,
			);
			name = "Supporting Files";
			sourceTree = "<group>";
		};
		554F738A15EBE195008D732A /* Model */ = {
			isa = PBXGroup;
			children = (
				5542544A15FA96D600DC7E31 /* Address.h */,
				5542544B15FA96D600DC7E31 /* Address.m */,
				5542543A15FA904100DC7E31 /* Address_Type.h */,
				5542543B15FA904100DC7E31 /* Address_Type.m */,
				5542544D15FA96D700DC7E31 /* Person.h */,
				5542544E15FA96D700DC7E31 /* Person.m */,
				5543901715FAB0E6006247BD /* Event.h */,
				5543901815FAB0E6006247BD /* Event.m */,
			);
			path = Model;
			sourceTree = "<group>";
		};
		5594239C15FDE86100697B9B /* ViewControllers */ = {
			isa = PBXGroup;
			children = (
				554F737215EBCAF8008D732A /* ZOFMasterViewController.h */,
				554F737315EBCAF8008D732A /* ZOFMasterViewController.m */,
				554F737515EBCAF8008D732A /* ZOFDetailViewController.h */,
				554F737615EBCAF8008D732A /* ZOFDetailViewController.m */,
				55C32E611632BE9100FBD431 /* ZOFTestViewController.h */,
				55C32E621632BE9100FBD431 /* ZOFTestViewController.m */,
			);
			name = ViewControllers;
			sourceTree = "<group>";
		};
		5594239E15FDE88400697B9B /* Business */ = {
			isa = PBXGroup;
			children = (
				559423A415FE0A1500697B9B /* XPathQuery.m */,
				559423A515FE0A1500697B9B /* XPathQuery.h */,
				5566BC9615EBE9790033A1CB /* ZOFFillDb.h */,
				5566BC9715EBE9790033A1CB /* ZOFFillDb.m */,
				557615A915FD0F140092251A /* ZOFServiceDb.h */,
				557615AA15FD0F140092251A /* ZOFServiceDb.m */,
				5594239F15FDE8C000697B9B /* ZOFMapper.h */,
				559423A015FDE8C000697B9B /* ZOFMapper.m */,
				55C32E4616329E5200FBD431 /* ZOFCycleSelectOperation.h */,
				55C32E4716329E5200FBD431 /* ZOFCycleSelectOperation.m */,
				55C32E4A16329EBB00FBD431 /* ZOFEmulateDownloadOp.h */,
				55C32E4B16329EBB00FBD431 /* ZOFEmulateDownloadOp.m */,
				55C32E5E1632A79600FBD431 /* ZOFProcessQueue.h */,
				55C32E5F1632A79600FBD431 /* ZOFProcessQueue.m */,
				55CD32121632E8A700D63ECA /* ZOFDownloadQueue.h */,
				55CD32131632E8A700D63ECA /* ZOFDownloadQueue.m */,
			);
			name = Business;
			sourceTree = "<group>";
		};
/* End PBXGroup section */

/* Begin PBXNativeTarget section */
		554F735315EBCAF8008D732A /* CoreDataTransactionTest */ = {
			isa = PBXNativeTarget;
			buildConfigurationList = 554F737A15EBCAF8008D732A /* Build configuration list for PBXNativeTarget "CoreDataTransactionTest" */;
			buildPhases = (
				554F735015EBCAF8008D732A /* Sources */,
				554F735115EBCAF8008D732A /* Frameworks */,
				554F735215EBCAF8008D732A /* Resources */,
			);
			buildRules = (
			);
			dependencies = (
			);
			name = CoreDataTransactionTest;
			productName = CoreDataTransactionTest;
			productReference = 554F735415EBCAF8008D732A /* CoreDataTransactionTest.app */;
			productType = "com.apple.product-type.application";
		};
/* End PBXNativeTarget section */

/* Begin PBXProject section */
		554F734B15EBCAF8008D732A /* Project object */ = {
			isa = PBXProject;
			attributes = {
				CLASSPREFIX = ZOF;
				LastUpgradeCheck = 0440;
				ORGANIZATIONNAME = 01Factory;
			};
			buildConfigurationList = 554F734E15EBCAF8008D732A /* Build configuration list for PBXProject "CoreDataTransactionTest" */;
			compatibilityVersion = "Xcode 3.2";
			developmentRegion = English;
			hasScannedForEncodings = 0;
			knownRegions = (
				en,
			);
			mainGroup = 554F734915EBCAF8008D732A;
			productRefGroup = 554F735515EBCAF8008D732A /* Products */;
			projectDirPath = "";
			projectRoot = "";
			targets = (
				554F735315EBCAF8008D732A /* CoreDataTransactionTest */,
			);
		};
/* End PBXProject section */

/* Begin PBXResourcesBuildPhase section */
		554F735215EBCAF8008D732A /* Resources */ = {
			isa = PBXResourcesBuildPhase;
			buildActionMask = 2147483647;
			files = (
				554F736515EBCAF8008D732A /* InfoPlist.strings in Resources */,
				554F736E15EBCAF8008D732A /* MainStoryboard.storyboard in Resources */,
				5543901015FAA0E8006247BD /* persons.json in Resources */,
				5543901215FAA0FF006247BD /* addrTypes.json in Resources */,
				5543901415FAA320006247BD /* addresses.json in Resources */,
				5543901615FAA79D006247BD /* events.json in Resources */,
				559423A315FDED0E00697B9B /* beans.xml in Resources */,
			);
			runOnlyForDeploymentPostprocessing = 0;
		};
/* End PBXResourcesBuildPhase section */

/* Begin PBXSourcesBuildPhase section */
		554F735015EBCAF8008D732A /* Sources */ = {
			isa = PBXSourcesBuildPhase;
			buildActionMask = 2147483647;
			files = (
				554F736715EBCAF8008D732A /* main.m in Sources */,
				554F736B15EBCAF8008D732A /* ZOFAppDelegate.m in Sources */,
				554F737115EBCAF8008D732A /* CoreDataTransactionTest.xcdatamodeld in Sources */,
				554F737415EBCAF8008D732A /* ZOFMasterViewController.m in Sources */,
				554F737715EBCAF8008D732A /* ZOFDetailViewController.m in Sources */,
				554F738815EBD970008D732A /* ZOFMocController.m in Sources */,
				5566BC9815EBE9790033A1CB /* ZOFFillDb.m in Sources */,
				5542543C15FA904100DC7E31 /* Address_Type.m in Sources */,
				5542544015FA90F100DC7E31 /* ZOFBaseBean.m in Sources */,
				5542544315FA910800DC7E31 /* ZOFPersonBean.m in Sources */,
				5542544615FA917200DC7E31 /* ZOFAddressBean.m in Sources */,
				5542544915FA918500DC7E31 /* ZOFAddressTypeBean.m in Sources */,
				5542544C15FA96D600DC7E31 /* Address.m in Sources */,
				5542544F15FA96D700DC7E31 /* Person.m in Sources */,
				5543900D15FA9FE5006247BD /* NSManagedObject+setValuesForKeysWithJSONDictionary.m in Sources */,
				5543901915FAB0E6006247BD /* Event.m in Sources */,
				557615AB15FD0F140092251A /* ZOFServiceDb.m in Sources */,
				559423A115FDE8C100697B9B /* ZOFMapper.m in Sources */,
				559423A615FE0A1500697B9B /* XPathQuery.m in Sources */,
				55C32E4816329E5300FBD431 /* ZOFCycleSelectOperation.m in Sources */,
				55C32E4C16329EBB00FBD431 /* ZOFEmulateDownloadOp.m in Sources */,
				55C32E601632A79700FBD431 /* ZOFProcessQueue.m in Sources */,
				55C32E631632BE9100FBD431 /* ZOFTestViewController.m in Sources */,
				55CD32141632E8A700D63ECA /* ZOFDownloadQueue.m in Sources */,
			);
			runOnlyForDeploymentPostprocessing = 0;
		};
/* End PBXSourcesBuildPhase section */

/* Begin PBXVariantGroup section */
		554F736315EBCAF8008D732A /* InfoPlist.strings */ = {
			isa = PBXVariantGroup;
			children = (
				554F736415EBCAF8008D732A /* en */,
			);
			name = InfoPlist.strings;
			sourceTree = "<group>";
		};
		554F736C15EBCAF8008D732A /* MainStoryboard.storyboard */ = {
			isa = PBXVariantGroup;
			children = (
				554F736D15EBCAF8008D732A /* en */,
			);
			name = MainStoryboard.storyboard;
			sourceTree = "<group>";
		};
/* End PBXVariantGroup section */

/* Begin XCBuildConfiguration section */
		554F737815EBCAF8008D732A /* Debug */ = {
			isa = XCBuildConfiguration;
			buildSettings = {
				ALWAYS_SEARCH_USER_PATHS = NO;
				ARCHS = "$(ARCHS_STANDARD_32_BIT)";
				CLANG_CXX_LANGUAGE_STANDARD = "gnu++0x";
				CLANG_ENABLE_OBJC_ARC = YES;
				CLANG_WARN__DUPLICATE_METHOD_MATCH = YES;
				"CODE_SIGN_IDENTITY[sdk=iphoneos*]" = "iPhone Developer";
				COPY_PHASE_STRIP = NO;
				GCC_C_LANGUAGE_STANDARD = gnu99;
				GCC_DYNAMIC_NO_PIC = NO;
				GCC_OPTIMIZATION_LEVEL = 0;
				GCC_PREPROCESSOR_DEFINITIONS = (
					"DEBUG=1",
					"$(inherited)",
				);
				GCC_SYMBOLS_PRIVATE_EXTERN = NO;
				GCC_VERSION = com.apple.compilers.llvm.clang.1_0;
				GCC_WARN_ABOUT_RETURN_TYPE = YES;
				GCC_WARN_UNINITIALIZED_AUTOS = YES;
				GCC_WARN_UNUSED_VARIABLE = YES;
				IPHONEOS_DEPLOYMENT_TARGET = 5.1;
				SDKROOT = iphoneos;
			};
			name = Debug;
		};
		554F737915EBCAF8008D732A /* Release */ = {
			isa = XCBuildConfiguration;
			buildSettings = {
				ALWAYS_SEARCH_USER_PATHS = NO;
				ARCHS = "$(ARCHS_STANDARD_32_BIT)";
				CLANG_CXX_LANGUAGE_STANDARD = "gnu++0x";
				CLANG_ENABLE_OBJC_ARC = YES;
				CLANG_WARN__DUPLICATE_METHOD_MATCH = YES;
				"CODE_SIGN_IDENTITY[sdk=iphoneos*]" = "iPhone Developer";
				COPY_PHASE_STRIP = YES;
				GCC_C_LANGUAGE_STANDARD = gnu99;
				GCC_VERSION = com.apple.compilers.llvm.clang.1_0;
				GCC_WARN_ABOUT_RETURN_TYPE = YES;
				GCC_WARN_UNINITIALIZED_AUTOS = YES;
				GCC_WARN_UNUSED_VARIABLE = YES;
				IPHONEOS_DEPLOYMENT_TARGET = 5.1;
				OTHER_CFLAGS = "-DNS_BLOCK_ASSERTIONS=1";
				SDKROOT = iphoneos;
				VALIDATE_PRODUCT = YES;
			};
			name = Release;
		};
		554F737B15EBCAF8008D732A /* Debug */ = {
			isa = XCBuildConfiguration;
			buildSettings = {
				GCC_PRECOMPILE_PREFIX_HEADER = YES;
				GCC_PREFIX_HEADER = "CoreDataTransactionTest/CoreDataTransactionTest-Prefix.pch";
				HEADER_SEARCH_PATHS = "$(SDKROOT)/usr/include/libxml2";
				INFOPLIST_FILE = "CoreDataTransactionTest/CoreDataTransactionTest-Info.plist";
				PRODUCT_NAME = "$(TARGET_NAME)";
				WRAPPER_EXTENSION = app;
			};
			name = Debug;
		};
		554F737C15EBCAF8008D732A /* Release */ = {
			isa = XCBuildConfiguration;
			buildSettings = {
				GCC_PRECOMPILE_PREFIX_HEADER = YES;
				GCC_PREFIX_HEADER = "CoreDataTransactionTest/CoreDataTransactionTest-Prefix.pch";
				HEADER_SEARCH_PATHS = "$(SDKROOT)/usr/include/libxml2";
				INFOPLIST_FILE = "CoreDataTransactionTest/CoreDataTransactionTest-Info.plist";
				PRODUCT_NAME = "$(TARGET_NAME)";
				WRAPPER_EXTENSION = app;
			};
			name = Release;
		};
/* End XCBuildConfiguration section */

/* Begin XCConfigurationList section */
		554F734E15EBCAF8008D732A /* Build configuration list for PBXProject "CoreDataTransactionTest" */ = {
			isa = XCConfigurationList;
			buildConfigurations = (
				554F737815EBCAF8008D732A /* Debug */,
				554F737915EBCAF8008D732A /* Release */,
			);
			defaultConfigurationIsVisible = 0;
			defaultConfigurationName = Release;
		};
		554F737A15EBCAF8008D732A /* Build configuration list for PBXNativeTarget "CoreDataTransactionTest" */ = {
			isa = XCConfigurationList;
			buildConfigurations = (
				554F737B15EBCAF8008D732A /* Debug */,
				554F737C15EBCAF8008D732A /* Release */,
			);
			defaultConfigurationIsVisible = 0;
			defaultConfigurationName = Release;
		};
/* End XCConfigurationList section */

/* Begin XCVersionGroup section */
		554F736F15EBCAF8008D732A /* CoreDataTransactionTest.xcdatamodeld */ = {
			isa = XCVersionGroup;
			children = (
				554F737015EBCAF8008D732A /* CoreDataTransactionTest.xcdatamodel */,
			);
			currentVersion = 554F737015EBCAF8008D732A /* CoreDataTransactionTest.xcdatamodel */;
			path = CoreDataTransactionTest.xcdatamodeld;
			sourceTree = "<group>";
			versionGroupType = wrapper.xcdatamodel;
		};
/* End XCVersionGroup section */
	};
	rootObject = 554F734B15EBCAF8008D732A /* Project object */;
}
